
Microsoft Visual Studio Solution File, Format Version 12.00
# Visual Studio Version 17
VisualStudioVersion = 17.0.31912.275
MinimumVisualStudioVersion = 10.0.40219.1
Project("{FAE04EC0-301F-11D3-BF4B-00C04F79EFBC}") = "UserRegistration", "UserRegistration\UserRegistration.csproj", "{CA43436E-A11C-4E1B-B4FF-0B67947ED2BD}"
EndProject
Global
	GlobalSection(SolutionConfigurationPlatforms) = preSolution
		Debug|Any CPU = Debug|Any CPU
		Release|Any CPU = Release|Any CPU
	EndGlobalSection
	GlobalSection(ProjectConfigurationPlatforms) = postSolution
		{CA43436E-A11C-4E1B-B4FF-0B67947ED2BD}.Debug|Any CPU.ActiveCfg = Debug|Any CPU
		{CA43436E-A11C-4E1B-B4FF-0B67947ED2BD}.Debug|Any CPU.Build.0 = Debug|Any CPU
		{CA43436E-A11C-4E1B-B4FF-0B67947ED2BD}.Release|Any CPU.ActiveCfg = Release|Any CPU
		{CA43436E-A11C-4E1B-B4FF-0B67947ED2BD}.Release|Any CPU.Build.0 = Release|Any CPU
	EndGlobalSection
	GlobalSection(SolutionProperties) = preSolution
		HideSolutionNode = FALSE
	EndGlobalSection
	GlobalSection(ExtensibilityGlobals) = postSolution
		SolutionGuid = {FBE62314-BBC3-4BCB-B9B9-C6D297F70A16}
	EndGlobalSection
EndGlobal
